
Microsoft Visual Studio Solution File, Format Version 12.00
# Visual Studio Version 17
VisualStudioVersion = 17.0.31903.59
MinimumVisualStudioVersion = 10.0.40219.1
Project("{FAE04EC0-301F-11D3-BF4B-00C04F79EFBC}") = "FizzBuzzConsoleApp", "FizzBuzzConsoleApp\FizzBuzzConsoleApp.csproj", "{7301746B-A048-4962-9B6F-BD212D61AF88}"
EndProject
Project("{FAE04EC0-301F-11D3-BF4B-00C04F79EFBC}") = "FizzBuzzLib", "FizzBuzzLib\FizzBuzzLib.csproj", "{7F10E5BC-3283-4579-97E8-C69D95A2F556}"
EndProject
Project("{FAE04EC0-301F-11D3-BF4B-00C04F79EFBC}") = "FizzBuzz.Tests", "FizzBuzz.Tests\FizzBuzz.Tests.csproj", "{C05DAA4F-613B-46EF-BF92-A3597AC2A0A3}"
EndProject
Global
	GlobalSection(SolutionConfigurationPlatforms) = preSolution
		Debug|Any CPU = Debug|Any CPU
		Release|Any CPU = Release|Any CPU
	EndGlobalSection
	GlobalSection(ProjectConfigurationPlatforms) = postSolution
		{7301746B-A048-4962-9B6F-BD212D61AF88}.Debug|Any CPU.ActiveCfg = Debug|Any CPU
		{7301746B-A048-4962-9B6F-BD212D61AF88}.Debug|Any CPU.Build.0 = Debug|Any CPU
		{7301746B-A048-4962-9B6F-BD212D61AF88}.Release|Any CPU.ActiveCfg = Release|Any CPU
		{7301746B-A048-4962-9B6F-BD212D61AF88}.Release|Any CPU.Build.0 = Release|Any CPU
		{7F10E5BC-3283-4579-97E8-C69D95A2F556}.Debug|Any CPU.ActiveCfg = Debug|Any CPU
		{7F10E5BC-3283-4579-97E8-C69D95A2F556}.Debug|Any CPU.Build.0 = Debug|Any CPU
		{7F10E5BC-3283-4579-97E8-C69D95A2F556}.Release|Any CPU.ActiveCfg = Release|Any CPU
		{7F10E5BC-3283-4579-97E8-C69D95A2F556}.Release|Any CPU.Build.0 = Release|Any CPU
		{C05DAA4F-613B-46EF-BF92-A3597AC2A0A3}.Debug|Any CPU.ActiveCfg = Debug|Any CPU
		{C05DAA4F-613B-46EF-BF92-A3597AC2A0A3}.Debug|Any CPU.Build.0 = Debug|Any CPU
		{C05DAA4F-613B-46EF-BF92-A3597AC2A0A3}.Release|Any CPU.ActiveCfg = Release|Any CPU
		{C05DAA4F-613B-46EF-BF92-A3597AC2A0A3}.Release|Any CPU.Build.0 = Release|Any CPU
	EndGlobalSection
	GlobalSection(SolutionProperties) = preSolution
		HideSolutionNode = FALSE
	EndGlobalSection
	GlobalSection(ExtensibilityGlobals) = postSolution
		SolutionGuid = {78E33433-A1F3-46AE-8D95-08026438EE47}
	EndGlobalSection
EndGlobal
